
Microsoft Visual Studio Solution File, Format Version 12.00
# Visual Studio Version 17
VisualStudioVersion = 17.14.36401.2 d17.14
MinimumVisualStudioVersion = 10.0.40219.1
Project("{FAE04EC0-301F-11D3-BF4B-00C04F79EFBC}") = "CopyReader", "CopyReader.csproj", "{CC6DC03F-2F9E-4AAE-955A-7F439EA98EFE}"
EndProject
Global
	GlobalSection(SolutionConfigurationPlatforms) = preSolution
		Debug|Any CPU = Debug|Any CPU
		Release|Any CPU = Release|Any CPU
	EndGlobalSection
	GlobalSection(ProjectConfigurationPlatforms) = postSolution
		{CC6DC03F-2F9E-4AAE-955A-7F439EA98EFE}.Debug|Any CPU.ActiveCfg = Debug|Any CPU
		{CC6DC03F-2F9E-4AAE-955A-7F439EA98EFE}.Debug|Any CPU.Build.0 = Debug|Any CPU
		{CC6DC03F-2F9E-4AAE-955A-7F439EA98EFE}.Release|Any CPU.ActiveCfg = Release|Any CPU
		{CC6DC03F-2F9E-4AAE-955A-7F439EA98EFE}.Release|Any CPU.Build.0 = Release|Any CPU
	EndGlobalSection
	GlobalSection(SolutionProperties) = preSolution
		HideSolutionNode = FALSE
	EndGlobalSection
	GlobalSection(ExtensibilityGlobals) = postSolution
		SolutionGuid = {94B8D624-DB27-46B0-AAFE-C86E659E2349}
	EndGlobalSection
EndGlobal
